Microsoft Visual Studio Solution File, Format Version 12.00
# Visual Studio Version 17
VisualStudioVersion = 17.5.2.0
MinimumVisualStudioVersion = 10.0.40219.1
Project("{FAE04EC0-301F-11D3-BF4B-00C04F79EFBC}") = "api-novo-testamento", "api-novo-testamento.csproj", "{5C5FA8E5-8CA8-7BDE-F19F-E8579C6E7AAA}"
EndProject
Global
	GlobalSection(SolutionConfigurationPlatforms) = preSolution
		Debug|Any CPU = Debug|Any CPU
		Release|Any CPU = Release|Any CPU
	EndGlobalSection
	GlobalSection(ProjectConfigurationPlatforms) = postSolution
		{5C5FA8E5-8CA8-7BDE-F19F-E8579C6E7AAA}.Debug|Any CPU.ActiveCfg = Debug|Any CPU
		{5C5FA8E5-8CA8-7BDE-F19F-E8579C6E7AAA}.Debug|Any CPU.Build.0 = Debug|Any CPU
		{5C5FA8E5-8CA8-7BDE-F19F-E8579C6E7AAA}.Release|Any CPU.ActiveCfg = Release|Any CPU
		{5C5FA8E5-8CA8-7BDE-F19F-E8579C6E7AAA}.Release|Any CPU.Build.0 = Release|Any CPU
	EndGlobalSection
	GlobalSection(SolutionProperties) = preSolution
		HideSolutionNode = FALSE
	EndGlobalSection
	GlobalSection(ExtensibilityGlobals) = postSolution
		SolutionGuid = {8F703BA9-FED4-4C61-98F6-00653A8E16C1}
	EndGlobalSection
EndGlobal
